{
  "version": 4,
  "terraform_version": "1.15.9",
  "serial": 8,
  "lineage": "132f0b38-6ad1-330a-af58-ed624fdb3c3b",
  "outputs": {
    "acr_login_server": {
      "value": "mudassircloudflow123.azurecr.io",
      "type": "string"
    },
    "aks_cluster_name": {
      "value": "cloudflow-aks",
      "type": "string"
    },
    "resource_group": {
      "value": "cloudflow-rg",
      "type": "string"
    },
    "vnet_name": {
      "value": "cloudflow-vnet",
      "type": "string"
    }
  },
  "resources": [
    {
      "mode": "managed",
      "type": "azurerm_container_registry",
      "name": "cloudflow",
      "provider": "provider[\"registry.terraform.io/hashicorp/azurerm\"]",
      "instances": [
        {
          "schema_version": 2,
          "attributes": {
            "admin_enabled": true,
            "admin_password": "CahWglJJy6nqOppFFlvSYcvqyvGuALTKMLkClFkfA2wUIteczp4gJQQJ99CHACPV0roEqg7NAAACAZCRUVTi",
            "admin_username": "mudassircloudflow123",
            "anonymous_pull_enabled": false,
            "azuread_authentication_as_arm_policy_enabled": true,
            "data_endpoint_enabled": false,
            "data_endpoint_host_names": [],
            "encryption": [],
            "export_policy_enabled": true,
            "georeplications": [],
            "id": "/subscriptions/e2a2027b-ca61-48a2-92e1-e83759e2d3fa/resourceGroups/cloudflow-rg/providers/Microsoft.ContainerRegistry/registries/mudassircloudflow123",
            "identity": [],
            "location": "germanywestcentral",
            "login_server": "mudassircloudflow123.azurecr.io",
            "name": "mudassircloudflow123",
            "network_rule_bypass_for_tasks_enabled": false,
            "network_rule_bypass_option": "AzureServices",
            "network_rule_set": [],
            "public_network_access_enabled": true,
            "quarantine_policy_enabled": false,
            "resource_group_name": "cloudflow-rg",
            "retention_policy_in_days": 0,
            "role_assignment_mode": "LegacyRegistryPermissions",
            "sku": "Basic",
            "tags": {},
            "timeouts": null,
            "trust_policy_enabled": false,
            "zone_redundancy_enabled": false
          },
          "sensitive_attributes": [
            [
              {
                "type": "get_attr",
                "value": "admin_password"
              }
            ]
          ],
          "identity_schema_version": 0,
          "private": "eyJlMmJmYjczMC1lY2FhLTExZTYtOGY4OC0zNDM2M2JjN2M0YzAiOnsiY3JlYXRlIjoxODAwMDAwMDAwMDAwLCJkZWxldGUiOjE4MDAwMDAwMDAwMDAsInJlYWQiOjMwMDAwMDAwMDAwMCwidXBkYXRlIjoxODAwMDAwMDAwMDAwfSwic2NoZW1hX3ZlcnNpb24iOiIyIn0=",
          "dependencies": [
            "azurerm_resource_group.cloudflow"
          ]
        }
      ]
    },
    {
      "mode": "managed",
      "type": "azurerm_resource_group",
      "name": "cloudflow",
      "provider": "provider[\"registry.terraform.io/hashicorp/azurerm\"]",
      "instances": [
        {
          "schema_version": 0,
          "attributes": {
            "id": "/subscriptions/e2a2027b-ca61-48a2-92e1-e83759e2d3fa/resourceGroups/cloudflow-rg",
            "location": "germanywestcentral",
            "managed_by": "",
            "name": "cloudflow-rg",
            "tags": {},
            "timeouts": null
          },
          "sensitive_attributes": [],
          "identity_schema_version": 0,
          "identity": {
            "name": "cloudflow-rg",
            "subscription_id": "e2a2027b-ca61-48a2-92e1-e83759e2d3fa"
          },
          "private": "eyJlMmJmYjczMC1lY2FhLTExZTYtOGY4OC0zNDM2M2JjN2M0YzAiOnsiY3JlYXRlIjo1NDAwMDAwMDAwMDAwLCJkZWxldGUiOjU0MDAwMDAwMDAwMDAsInJlYWQiOjMwMDAwMDAwMDAwMCwidXBkYXRlIjo1NDAwMDAwMDAwMDAwfX0="
        }
      ]
    },
    {
      "mode": "managed",
      "type": "azurerm_subnet",
      "name": "aks",
      "provider": "provider[\"registry.terraform.io/hashicorp/azurerm\"]",
      "instances": [
        {
          "schema_version": 0,
          "attributes": {
            "address_prefixes": [
              "10.0.1.0/24"
            ],
            "default_outbound_access_enabled": true,
            "delegation": [],
            "id": "/subscriptions/e2a2027b-ca61-48a2-92e1-e83759e2d3fa/resourceGroups/cloudflow-rg/providers/Microsoft.Network/virtualNetworks/cloudflow-vnet/subnets/aks-subnet",
            "ip_address_pool": [],
            "name": "aks-subnet",
            "private_endpoint_network_policies": "Disabled",
            "private_link_service_network_policies_enabled": true,
            "resource_group_name": "cloudflow-rg",
            "service_endpoint_policy_ids": [],
            "service_endpoints": [],
            "sharing_scope": "",
            "timeouts": null,
            "virtual_network_name": "cloudflow-vnet"
          },
          "sensitive_attributes": [],
          "identity_schema_version": 0,
          "identity": {
            "name": "aks-subnet",
            "resource_group_name": "cloudflow-rg",
            "subscription_id": "e2a2027b-ca61-48a2-92e1-e83759e2d3fa",
            "virtual_network_name": "cloudflow-vnet"
          },
          "private": "eyJlMmJmYjczMC1lY2FhLTExZTYtOGY4OC0zNDM2M2JjN2M0YzAiOnsiY3JlYXRlIjoxODAwMDAwMDAwMDAwLCJkZWxldGUiOjE4MDAwMDAwMDAwMDAsInJlYWQiOjMwMDAwMDAwMDAwMCwidXBkYXRlIjoxODAwMDAwMDAwMDAwfX0=",
          "dependencies": [
            "azurerm_resource_group.cloudflow",
            "azurerm_virtual_network.cloudflow"
          ]
        }
      ]
    },
    {
      "mode": "managed",
      "type": "azurerm_virtual_network",
      "name": "cloudflow",
      "provider": "provider[\"registry.terraform.io/hashicorp/azurerm\"]",
      "instances": [
        {
          "schema_version": 0,
          "attributes": {
            "address_space": [
              "10.0.0.0/16"
            ],
            "bgp_community": "",
            "ddos_protection_plan": [],
            "dns_servers": [],
            "edge_zone": "",
            "encryption": [],
            "flow_timeout_in_minutes": 0,
            "guid": "ed72ceed-68d2-4679-8adc-81d298a9a613",
            "id": "/subscriptions/e2a2027b-ca61-48a2-92e1-e83759e2d3fa/resourceGroups/cloudflow-rg/providers/Microsoft.Network/virtualNetworks/cloudflow-vnet",
            "ip_address_pool": [],
            "location": "germanywestcentral",
            "name": "cloudflow-vnet",
            "private_endpoint_vnet_policies": "Disabled",
            "resource_group_name": "cloudflow-rg",
            "subnet": [
              {
                "address_prefixes": [
                  "10.0.1.0/24"
                ],
                "default_outbound_access_enabled": true,
                "delegation": [],
                "id": "/subscriptions/e2a2027b-ca61-48a2-92e1-e83759e2d3fa/resourceGroups/cloudflow-rg/providers/Microsoft.Network/virtualNetworks/cloudflow-vnet/subnets/aks-subnet",
                "name": "aks-subnet",
                "private_endpoint_network_policies": "Disabled",
                "private_link_service_network_policies_enabled": true,
                "route_table_id": "",
                "security_group": "",
                "service_endpoint_policy_ids": [],
                "service_endpoints": []
              }
            ],
            "tags": {},
            "timeouts": null
          },
          "sensitive_attributes": [],
          "identity_schema_version": 0,
          "identity": {
            "name": "cloudflow-vnet",
            "resource_group_name": "cloudflow-rg",
            "subscription_id": "e2a2027b-ca61-48a2-92e1-e83759e2d3fa"
          },
          "private": "eyJlMmJmYjczMC1lY2FhLTExZTYtOGY4OC0zNDM2M2JjN2M0YzAiOnsiY3JlYXRlIjoxODAwMDAwMDAwMDAwLCJkZWxldGUiOjE4MDAwMDAwMDAwMDAsInJlYWQiOjMwMDAwMDAwMDAwMCwidXBkYXRlIjoxODAwMDAwMDAwMDAwfX0=",
          "dependencies": [
            "azurerm_resource_group.cloudflow"
          ]
        }
      ]
    }
  ],
  "check_results": null
}
